
Microsoft Visual Studio Solution File, Format Version 12.00
# Visual Studio Version 17
VisualStudioVersion = 17.13.35931.197 d17.13
MinimumVisualStudioVersion = 10.0.40219.1
Project("{FAE04EC0-301F-11D3-BF4B-00C04F79EFBC}") = "QueueBackend", "QueueBackend\QueueBackend.csproj", "{83945630-6325-4A4D-A1FD-428834EF9AE4}"
EndProject
Global
	GlobalSection(SolutionConfigurationPlatforms) = preSolution
		Debug|Any CPU = Debug|Any CPU
		Release|Any CPU = Release|Any CPU
	EndGlobalSection
	GlobalSection(ProjectConfigurationPlatforms) = postSolution
		{83945630-6325-4A4D-A1FD-428834EF9AE4}.Debug|Any CPU.ActiveCfg = Debug|Any CPU
		{83945630-6325-4A4D-A1FD-428834EF9AE4}.Debug|Any CPU.Build.0 = Debug|Any CPU
		{83945630-6325-4A4D-A1FD-428834EF9AE4}.Release|Any CPU.ActiveCfg = Release|Any CPU
		{83945630-6325-4A4D-A1FD-428834EF9AE4}.Release|Any CPU.Build.0 = Release|Any CPU
	EndGlobalSection
	GlobalSection(SolutionProperties) = preSolution
		HideSolutionNode = FALSE
	EndGlobalSection
	GlobalSection(ExtensibilityGlobals) = postSolution
		SolutionGuid = {D170E905-6FA1-4109-A1AF-FB888E6F6F3D}
	EndGlobalSection
EndGlobal
